
Microsoft Visual Studio Solution File, Format Version 12.00
# Visual Studio Version 16
VisualStudioVersion = 16.0.30907.101
MinimumVisualStudioVersion = 10.0.40219.1
Project("{FAE04EC0-301F-11D3-BF4B-00C04F79EFBC}") = "StructExample", "StructExample\StructExample.csproj", "{D8B413E6-921F-4871-AC11-3B2493629F79}"
EndProject
Global
	GlobalSection(SolutionConfigurationPlatforms) = preSolution
		Debug|Any CPU = Debug|Any CPU
		Release|Any CPU = Release|Any CPU
	EndGlobalSection
	GlobalSection(ProjectConfigurationPlatforms) = postSolution
		{D8B413E6-921F-4871-AC11-3B2493629F79}.Debug|Any CPU.ActiveCfg = Debug|Any CPU
		{D8B413E6-921F-4871-AC11-3B2493629F79}.Debug|Any CPU.Build.0 = Debug|Any CPU
		{D8B413E6-921F-4871-AC11-3B2493629F79}.Release|Any CPU.ActiveCfg = Release|Any CPU
		{D8B413E6-921F-4871-AC11-3B2493629F79}.Release|Any CPU.Build.0 = Release|Any CPU
	EndGlobalSection
	GlobalSection(SolutionProperties) = preSolution
		HideSolutionNode = FALSE
	EndGlobalSection
	GlobalSection(ExtensibilityGlobals) = postSolution
		SolutionGuid = {C7E52EC9-980C-4403-905C-12E2AE734774}
	EndGlobalSection
EndGlobal
