
Microsoft Visual Studio Solution File, Format Version 12.00
# Visual Studio Version 16
VisualStudioVersion = 16.0.30907.101
MinimumVisualStudioVersion = 10.0.40219.1
Project("{FAE04EC0-301F-11D3-BF4B-00C04F79EFBC}") = "NumberToCharacter", "NumberToCharacter\NumberToCharacter.csproj", "{6932931D-26C5-47F9-BAD5-662D93CBB28A}"
EndProject
Global
	GlobalSection(SolutionConfigurationPlatforms) = preSolution
		Debug|Any CPU = Debug|Any CPU
		Release|Any CPU = Release|Any CPU
	EndGlobalSection
	GlobalSection(ProjectConfigurationPlatforms) = postSolution
		{6932931D-26C5-47F9-BAD5-662D93CBB28A}.Debug|Any CPU.ActiveCfg = Debug|Any CPU
		{6932931D-26C5-47F9-BAD5-662D93CBB28A}.Debug|Any CPU.Build.0 = Debug|Any CPU
		{6932931D-26C5-47F9-BAD5-662D93CBB28A}.Release|Any CPU.ActiveCfg = Release|Any CPU
		{6932931D-26C5-47F9-BAD5-662D93CBB28A}.Release|Any CPU.Build.0 = Release|Any CPU
	EndGlobalSection
	GlobalSection(SolutionProperties) = preSolution
		HideSolutionNode = FALSE
	EndGlobalSection
	GlobalSection(ExtensibilityGlobals) = postSolution
		SolutionGuid = {CDAA38FA-9D08-4770-A9B0-93DE873C79D8}
	EndGlobalSection
EndGlobal
