
Microsoft Visual Studio Solution File, Format Version 12.00
# Visual Studio Version 16
VisualStudioVersion = 16.0.30907.101
MinimumVisualStudioVersion = 10.0.40219.1
Project("{FAE04EC0-301F-11D3-BF4B-00C04F79EFBC}") = "ContinueStatement", "ContinueStatement\ContinueStatement.csproj", "{7F86D7DB-B314-478A-89E5-5B7EBD4F0F17}"
EndProject
Global
	GlobalSection(SolutionConfigurationPlatforms) = preSolution
		Debug|Any CPU = Debug|Any CPU
		Release|Any CPU = Release|Any CPU
	EndGlobalSection
	GlobalSection(ProjectConfigurationPlatforms) = postSolution
		{7F86D7DB-B314-478A-89E5-5B7EBD4F0F17}.Debug|Any CPU.ActiveCfg = Debug|Any CPU
		{7F86D7DB-B314-478A-89E5-5B7EBD4F0F17}.Debug|Any CPU.Build.0 = Debug|Any CPU
		{7F86D7DB-B314-478A-89E5-5B7EBD4F0F17}.Release|Any CPU.ActiveCfg = Release|Any CPU
		{7F86D7DB-B314-478A-89E5-5B7EBD4F0F17}.Release|Any CPU.Build.0 = Release|Any CPU
	EndGlobalSection
	GlobalSection(SolutionProperties) = preSolution
		HideSolutionNode = FALSE
	EndGlobalSection
	GlobalSection(ExtensibilityGlobals) = postSolution
		SolutionGuid = {0F0FE696-97E6-4F01-B1B9-FD64EA6348FF}
	EndGlobalSection
EndGlobal
