
Microsoft Visual Studio Solution File, Format Version 12.00
# Visual Studio Version 16
VisualStudioVersion = 16.0.30907.101
MinimumVisualStudioVersion = 10.0.40219.1
Project("{FAE04EC0-301F-11D3-BF4B-00C04F79EFBC}") = "ParameterizedConstructor", "ParameterizedConstructor\ParameterizedConstructor.csproj", "{CCF8A40D-5312-4135-95AB-0B02B9A8A1C8}"
EndProject
Global
	GlobalSection(SolutionConfigurationPlatforms) = preSolution
		Debug|Any CPU = Debug|Any CPU
		Release|Any CPU = Release|Any CPU
	EndGlobalSection
	GlobalSection(ProjectConfigurationPlatforms) = postSolution
		{CCF8A40D-5312-4135-95AB-0B02B9A8A1C8}.Debug|Any CPU.ActiveCfg = Debug|Any CPU
		{CCF8A40D-5312-4135-95AB-0B02B9A8A1C8}.Debug|Any CPU.Build.0 = Debug|Any CPU
		{CCF8A40D-5312-4135-95AB-0B02B9A8A1C8}.Release|Any CPU.ActiveCfg = Release|Any CPU
		{CCF8A40D-5312-4135-95AB-0B02B9A8A1C8}.Release|Any CPU.Build.0 = Release|Any CPU
	EndGlobalSection
	GlobalSection(SolutionProperties) = preSolution
		HideSolutionNode = FALSE
	EndGlobalSection
	GlobalSection(ExtensibilityGlobals) = postSolution
		SolutionGuid = {3336F489-2C34-482B-937B-C3A8F01DF892}
	EndGlobalSection
EndGlobal
