
Microsoft Visual Studio Solution File, Format Version 12.00
# Visual Studio Version 16
VisualStudioVersion = 16.0.30907.101
MinimumVisualStudioVersion = 10.0.40219.1
Project("{FAE04EC0-301F-11D3-BF4B-00C04F79EFBC}") = "HashSet", "HashSet\HashSet.csproj", "{9BFB87E0-4255-4F2E-B742-7FEFC0BE9ED3}"
EndProject
Global
	GlobalSection(SolutionConfigurationPlatforms) = preSolution
		Debug|Any CPU = Debug|Any CPU
		Release|Any CPU = Release|Any CPU
	EndGlobalSection
	GlobalSection(ProjectConfigurationPlatforms) = postSolution
		{9BFB87E0-4255-4F2E-B742-7FEFC0BE9ED3}.Debug|Any CPU.ActiveCfg = Debug|Any CPU
		{9BFB87E0-4255-4F2E-B742-7FEFC0BE9ED3}.Debug|Any CPU.Build.0 = Debug|Any CPU
		{9BFB87E0-4255-4F2E-B742-7FEFC0BE9ED3}.Release|Any CPU.ActiveCfg = Release|Any CPU
		{9BFB87E0-4255-4F2E-B742-7FEFC0BE9ED3}.Release|Any CPU.Build.0 = Release|Any CPU
	EndGlobalSection
	GlobalSection(SolutionProperties) = preSolution
		HideSolutionNode = FALSE
	EndGlobalSection
	GlobalSection(ExtensibilityGlobals) = postSolution
		SolutionGuid = {8E22C71D-B4EE-4091-AEC8-DA9D5DB3AEAD}
	EndGlobalSection
EndGlobal
