
Microsoft Visual Studio Solution File, Format Version 12.00
# Visual Studio Version 16
VisualStudioVersion = 16.0.30907.101
MinimumVisualStudioVersion = 10.0.40219.1
Project("{FAE04EC0-301F-11D3-BF4B-00C04F79EFBC}") = "ToFindMinimumElementInArray", "ToFindMinimumElementInArray\ToFindMinimumElementInArray.csproj", "{3C52F7FC-4456-4592-832D-7DCAC727D7F7}"
EndProject
Global
	GlobalSection(SolutionConfigurationPlatforms) = preSolution
		Debug|Any CPU = Debug|Any CPU
		Release|Any CPU = Release|Any CPU
	EndGlobalSection
	GlobalSection(ProjectConfigurationPlatforms) = postSolution
		{3C52F7FC-4456-4592-832D-7DCAC727D7F7}.Debug|Any CPU.ActiveCfg = Debug|Any CPU
		{3C52F7FC-4456-4592-832D-7DCAC727D7F7}.Debug|Any CPU.Build.0 = Debug|Any CPU
		{3C52F7FC-4456-4592-832D-7DCAC727D7F7}.Release|Any CPU.ActiveCfg = Release|Any CPU
		{3C52F7FC-4456-4592-832D-7DCAC727D7F7}.Release|Any CPU.Build.0 = Release|Any CPU
	EndGlobalSection
	GlobalSection(SolutionProperties) = preSolution
		HideSolutionNode = FALSE
	EndGlobalSection
	GlobalSection(ExtensibilityGlobals) = postSolution
		SolutionGuid = {D43CBBD4-DDDD-40D5-9911-0D78E36CD5DF}
	EndGlobalSection
EndGlobal
