
Microsoft Visual Studio Solution File, Format Version 12.00
# Visual Studio Version 16
VisualStudioVersion = 16.0.30907.101
MinimumVisualStudioVersion = 10.0.40219.1
Project("{FAE04EC0-301F-11D3-BF4B-00C04F79EFBC}") = "GenericMethod", "GenericMethod\GenericMethod.csproj", "{DCE76461-21CD-4104-B65F-4CCA6B49D3AD}"
EndProject
Global
	GlobalSection(SolutionConfigurationPlatforms) = preSolution
		Debug|Any CPU = Debug|Any CPU
		Release|Any CPU = Release|Any CPU
	EndGlobalSection
	GlobalSection(ProjectConfigurationPlatforms) = postSolution
		{DCE76461-21CD-4104-B65F-4CCA6B49D3AD}.Debug|Any CPU.ActiveCfg = Debug|Any CPU
		{DCE76461-21CD-4104-B65F-4CCA6B49D3AD}.Debug|Any CPU.Build.0 = Debug|Any CPU
		{DCE76461-21CD-4104-B65F-4CCA6B49D3AD}.Release|Any CPU.ActiveCfg = Release|Any CPU
		{DCE76461-21CD-4104-B65F-4CCA6B49D3AD}.Release|Any CPU.Build.0 = Release|Any CPU
	EndGlobalSection
	GlobalSection(SolutionProperties) = preSolution
		HideSolutionNode = FALSE
	EndGlobalSection
	GlobalSection(ExtensibilityGlobals) = postSolution
		SolutionGuid = {4B939524-52A5-4D2F-A1EF-6D3A37E4963F}
	EndGlobalSection
EndGlobal
