
Microsoft Visual Studio Solution File, Format Version 12.00
# Visual Studio Version 16
VisualStudioVersion = 16.0.30907.101
MinimumVisualStudioVersion = 10.0.40219.1
Project("{FAE04EC0-301F-11D3-BF4B-00C04F79EFBC}") = "AccessingPropertyUsingBaseKeyword", "AccessingPropertyUsingBaseKeyword\AccessingPropertyUsingBaseKeyword.csproj", "{A5D9F67C-2B97-471A-8B2E-10587A2F9555}"
EndProject
Global
	GlobalSection(SolutionConfigurationPlatforms) = preSolution
		Debug|Any CPU = Debug|Any CPU
		Release|Any CPU = Release|Any CPU
	EndGlobalSection
	GlobalSection(ProjectConfigurationPlatforms) = postSolution
		{A5D9F67C-2B97-471A-8B2E-10587A2F9555}.Debug|Any CPU.ActiveCfg = Debug|Any CPU
		{A5D9F67C-2B97-471A-8B2E-10587A2F9555}.Debug|Any CPU.Build.0 = Debug|Any CPU
		{A5D9F67C-2B97-471A-8B2E-10587A2F9555}.Release|Any CPU.ActiveCfg = Release|Any CPU
		{A5D9F67C-2B97-471A-8B2E-10587A2F9555}.Release|Any CPU.Build.0 = Release|Any CPU
	EndGlobalSection
	GlobalSection(SolutionProperties) = preSolution
		HideSolutionNode = FALSE
	EndGlobalSection
	GlobalSection(ExtensibilityGlobals) = postSolution
		SolutionGuid = {65B4FA40-B6D2-4C09-8477-0C252CA78FB2}
	EndGlobalSection
EndGlobal
