
Microsoft Visual Studio Solution File, Format Version 12.00
# Visual Studio Version 16
VisualStudioVersion = 16.0.30907.101
MinimumVisualStudioVersion = 10.0.40219.1
Project("{FAE04EC0-301F-11D3-BF4B-00C04F79EFBC}") = "ReverseEachWordInSentence", "ReverseEachWordInSentence\ReverseEachWordInSentence.csproj", "{FF7314E7-349F-4A38-A03B-181A441CEB22}"
EndProject
Global
	GlobalSection(SolutionConfigurationPlatforms) = preSolution
		Debug|Any CPU = Debug|Any CPU
		Release|Any CPU = Release|Any CPU
	EndGlobalSection
	GlobalSection(ProjectConfigurationPlatforms) = postSolution
		{FF7314E7-349F-4A38-A03B-181A441CEB22}.Debug|Any CPU.ActiveCfg = Debug|Any CPU
		{FF7314E7-349F-4A38-A03B-181A441CEB22}.Debug|Any CPU.Build.0 = Debug|Any CPU
		{FF7314E7-349F-4A38-A03B-181A441CEB22}.Release|Any CPU.ActiveCfg = Release|Any CPU
		{FF7314E7-349F-4A38-A03B-181A441CEB22}.Release|Any CPU.Build.0 = Release|Any CPU
	EndGlobalSection
	GlobalSection(SolutionProperties) = preSolution
		HideSolutionNode = FALSE
	EndGlobalSection
	GlobalSection(ExtensibilityGlobals) = postSolution
		SolutionGuid = {AA9D894D-A791-4E96-B95E-3C579C0682D7}
	EndGlobalSection
EndGlobal
