
Microsoft Visual Studio Solution File, Format Version 12.00
# Visual Studio Version 16
VisualStudioVersion = 16.0.30907.101
MinimumVisualStudioVersion = 10.0.40219.1
Project("{FAE04EC0-301F-11D3-BF4B-00C04F79EFBC}") = "CommandLineArguments", "CommandLineArguments\CommandLineArguments.csproj", "{A73B4E78-8200-450A-9986-33FB51773027}"
EndProject
Global
	GlobalSection(SolutionConfigurationPlatforms) = preSolution
		Debug|Any CPU = Debug|Any CPU
		Release|Any CPU = Release|Any CPU
	EndGlobalSection
	GlobalSection(ProjectConfigurationPlatforms) = postSolution
		{A73B4E78-8200-450A-9986-33FB51773027}.Debug|Any CPU.ActiveCfg = Debug|Any CPU
		{A73B4E78-8200-450A-9986-33FB51773027}.Debug|Any CPU.Build.0 = Debug|Any CPU
		{A73B4E78-8200-450A-9986-33FB51773027}.Release|Any CPU.ActiveCfg = Release|Any CPU
		{A73B4E78-8200-450A-9986-33FB51773027}.Release|Any CPU.Build.0 = Release|Any CPU
	EndGlobalSection
	GlobalSection(SolutionProperties) = preSolution
		HideSolutionNode = FALSE
	EndGlobalSection
	GlobalSection(ExtensibilityGlobals) = postSolution
		SolutionGuid = {DBDD8620-EC05-4617-B8E8-C5023A4EA87A}
	EndGlobalSection
EndGlobal
