
Microsoft Visual Studio Solution File, Format Version 12.00
# Visual Studio Version 16
VisualStudioVersion = 16.0.30907.101
MinimumVisualStudioVersion = 10.0.40219.1
Project("{FAE04EC0-301F-11D3-BF4B-00C04F79EFBC}") = "ReflectionTypeInformation", "ReflectionTypeInformation\ReflectionTypeInformation.csproj", "{D5FCBA93-9047-4CE7-BDAA-BB9EFD827F69}"
EndProject
Global
	GlobalSection(SolutionConfigurationPlatforms) = preSolution
		Debug|Any CPU = Debug|Any CPU
		Release|Any CPU = Release|Any CPU
	EndGlobalSection
	GlobalSection(ProjectConfigurationPlatforms) = postSolution
		{D5FCBA93-9047-4CE7-BDAA-BB9EFD827F69}.Debug|Any CPU.ActiveCfg = Debug|Any CPU
		{D5FCBA93-9047-4CE7-BDAA-BB9EFD827F69}.Debug|Any CPU.Build.0 = Debug|Any CPU
		{D5FCBA93-9047-4CE7-BDAA-BB9EFD827F69}.Release|Any CPU.ActiveCfg = Release|Any CPU
		{D5FCBA93-9047-4CE7-BDAA-BB9EFD827F69}.Release|Any CPU.Build.0 = Release|Any CPU
	EndGlobalSection
	GlobalSection(SolutionProperties) = preSolution
		HideSolutionNode = FALSE
	EndGlobalSection
	GlobalSection(ExtensibilityGlobals) = postSolution
		SolutionGuid = {56A7B52C-62C0-4C02-9716-F5AEF17F0EE7}
	EndGlobalSection
EndGlobal
