
Microsoft Visual Studio Solution File, Format Version 12.00
# Visual Studio Version 16
VisualStudioVersion = 16.0.30907.101
MinimumVisualStudioVersion = 10.0.40219.1
Project("{FAE04EC0-301F-11D3-BF4B-00C04F79EFBC}") = "PassingArrayToFunctions", "PassingArrayToFunctions\PassingArrayToFunctions.csproj", "{D01150E5-87DF-4E92-BD5E-D75FED1AC94A}"
EndProject
Global
	GlobalSection(SolutionConfigurationPlatforms) = preSolution
		Debug|Any CPU = Debug|Any CPU
		Release|Any CPU = Release|Any CPU
	EndGlobalSection
	GlobalSection(ProjectConfigurationPlatforms) = postSolution
		{D01150E5-87DF-4E92-BD5E-D75FED1AC94A}.Debug|Any CPU.ActiveCfg = Debug|Any CPU
		{D01150E5-87DF-4E92-BD5E-D75FED1AC94A}.Debug|Any CPU.Build.0 = Debug|Any CPU
		{D01150E5-87DF-4E92-BD5E-D75FED1AC94A}.Release|Any CPU.ActiveCfg = Release|Any CPU
		{D01150E5-87DF-4E92-BD5E-D75FED1AC94A}.Release|Any CPU.Build.0 = Release|Any CPU
	EndGlobalSection
	GlobalSection(SolutionProperties) = preSolution
		HideSolutionNode = FALSE
	EndGlobalSection
	GlobalSection(ExtensibilityGlobals) = postSolution
		SolutionGuid = {36F35253-DBEA-4498-BD66-B496B6102E7C}
	EndGlobalSection
EndGlobal
