
Microsoft Visual Studio Solution File, Format Version 12.00
# Visual Studio Version 16
VisualStudioVersion = 16.0.30907.101
MinimumVisualStudioVersion = 10.0.40219.1
Project("{FAE04EC0-301F-11D3-BF4B-00C04F79EFBC}") = "MultiDimesionalArray", "MultiDimesionalArray\MultiDimesionalArray.csproj", "{03964B23-2510-4BEB-9377-9EF63FB9B7AD}"
EndProject
Global
	GlobalSection(SolutionConfigurationPlatforms) = preSolution
		Debug|Any CPU = Debug|Any CPU
		Release|Any CPU = Release|Any CPU
	EndGlobalSection
	GlobalSection(ProjectConfigurationPlatforms) = postSolution
		{03964B23-2510-4BEB-9377-9EF63FB9B7AD}.Debug|Any CPU.ActiveCfg = Debug|Any CPU
		{03964B23-2510-4BEB-9377-9EF63FB9B7AD}.Debug|Any CPU.Build.0 = Debug|Any CPU
		{03964B23-2510-4BEB-9377-9EF63FB9B7AD}.Release|Any CPU.ActiveCfg = Release|Any CPU
		{03964B23-2510-4BEB-9377-9EF63FB9B7AD}.Release|Any CPU.Build.0 = Release|Any CPU
	EndGlobalSection
	GlobalSection(SolutionProperties) = preSolution
		HideSolutionNode = FALSE
	EndGlobalSection
	GlobalSection(ExtensibilityGlobals) = postSolution
		SolutionGuid = {003A3E85-6A44-4FD0-846D-A8FF92475724}
	EndGlobalSection
EndGlobal
