
Microsoft Visual Studio Solution File, Format Version 12.00
# Visual Studio Version 16
VisualStudioVersion = 16.0.30907.101
MinimumVisualStudioVersion = 10.0.40219.1
Project("{FAE04EC0-301F-11D3-BF4B-00C04F79EFBC}") = "SealedMethod", "SealedMethod\SealedMethod.csproj", "{3772C266-818F-4FD0-AD37-6B056F978604}"
EndProject
Global
	GlobalSection(SolutionConfigurationPlatforms) = preSolution
		Debug|Any CPU = Debug|Any CPU
		Release|Any CPU = Release|Any CPU
	EndGlobalSection
	GlobalSection(ProjectConfigurationPlatforms) = postSolution
		{3772C266-818F-4FD0-AD37-6B056F978604}.Debug|Any CPU.ActiveCfg = Debug|Any CPU
		{3772C266-818F-4FD0-AD37-6B056F978604}.Debug|Any CPU.Build.0 = Debug|Any CPU
		{3772C266-818F-4FD0-AD37-6B056F978604}.Release|Any CPU.ActiveCfg = Release|Any CPU
		{3772C266-818F-4FD0-AD37-6B056F978604}.Release|Any CPU.Build.0 = Release|Any CPU
	EndGlobalSection
	GlobalSection(SolutionProperties) = preSolution
		HideSolutionNode = FALSE
	EndGlobalSection
	GlobalSection(ExtensibilityGlobals) = postSolution
		SolutionGuid = {47D5C4D7-4EDB-447C-BAF1-D8CA998C4E5C}
	EndGlobalSection
EndGlobal
