
Microsoft Visual Studio Solution File, Format Version 12.00
# Visual Studio Version 16
VisualStudioVersion = 16.0.30907.101
MinimumVisualStudioVersion = 10.0.40219.1
Project("{FAE04EC0-301F-11D3-BF4B-00C04F79EFBC}") = "Interface", "Interface\Interface.csproj", "{EBB0AE59-D6CF-454A-AEB9-17C1B78A69BE}"
EndProject
Global
	GlobalSection(SolutionConfigurationPlatforms) = preSolution
		Debug|Any CPU = Debug|Any CPU
		Release|Any CPU = Release|Any CPU
	EndGlobalSection
	GlobalSection(ProjectConfigurationPlatforms) = postSolution
		{EBB0AE59-D6CF-454A-AEB9-17C1B78A69BE}.Debug|Any CPU.ActiveCfg = Debug|Any CPU
		{EBB0AE59-D6CF-454A-AEB9-17C1B78A69BE}.Debug|Any CPU.Build.0 = Debug|Any CPU
		{EBB0AE59-D6CF-454A-AEB9-17C1B78A69BE}.Release|Any CPU.ActiveCfg = Release|Any CPU
		{EBB0AE59-D6CF-454A-AEB9-17C1B78A69BE}.Release|Any CPU.Build.0 = Release|Any CPU
	EndGlobalSection
	GlobalSection(SolutionProperties) = preSolution
		HideSolutionNode = FALSE
	EndGlobalSection
	GlobalSection(ExtensibilityGlobals) = postSolution
		SolutionGuid = {10F50FA5-9A43-4A75-9779-FE4AA7CF0E2D}
	EndGlobalSection
EndGlobal
