
Microsoft Visual Studio Solution File, Format Version 12.00
# Visual Studio Version 16
VisualStudioVersion = 16.0.30907.101
MinimumVisualStudioVersion = 10.0.40219.1
Project("{FAE04EC0-301F-11D3-BF4B-00C04F79EFBC}") = "RemoveDuplicateCharactersFromString", "RemoveDuplicateCharactersFromString\RemoveDuplicateCharactersFromString.csproj", "{540A4633-4729-4131-89D5-5336493A55EA}"
EndProject
Global
	GlobalSection(SolutionConfigurationPlatforms) = preSolution
		Debug|Any CPU = Debug|Any CPU
		Release|Any CPU = Release|Any CPU
	EndGlobalSection
	GlobalSection(ProjectConfigurationPlatforms) = postSolution
		{540A4633-4729-4131-89D5-5336493A55EA}.Debug|Any CPU.ActiveCfg = Debug|Any CPU
		{540A4633-4729-4131-89D5-5336493A55EA}.Debug|Any CPU.Build.0 = Debug|Any CPU
		{540A4633-4729-4131-89D5-5336493A55EA}.Release|Any CPU.ActiveCfg = Release|Any CPU
		{540A4633-4729-4131-89D5-5336493A55EA}.Release|Any CPU.Build.0 = Release|Any CPU
	EndGlobalSection
	GlobalSection(SolutionProperties) = preSolution
		HideSolutionNode = FALSE
	EndGlobalSection
	GlobalSection(ExtensibilityGlobals) = postSolution
		SolutionGuid = {64117D37-6A7E-4F67-AD55-DF32063D99EE}
	EndGlobalSection
EndGlobal
