
Microsoft Visual Studio Solution File, Format Version 12.00
# Visual Studio Version 16
VisualStudioVersion = 16.0.30907.101
MinimumVisualStudioVersion = 10.0.40219.1
Project("{FAE04EC0-301F-11D3-BF4B-00C04F79EFBC}") = "StarPattern7", "StarPattern7\StarPattern7.csproj", "{90595461-4A24-4EB1-BA55-B541E7DC06EE}"
EndProject
Global
	GlobalSection(SolutionConfigurationPlatforms) = preSolution
		Debug|Any CPU = Debug|Any CPU
		Release|Any CPU = Release|Any CPU
	EndGlobalSection
	GlobalSection(ProjectConfigurationPlatforms) = postSolution
		{90595461-4A24-4EB1-BA55-B541E7DC06EE}.Debug|Any CPU.ActiveCfg = Debug|Any CPU
		{90595461-4A24-4EB1-BA55-B541E7DC06EE}.Debug|Any CPU.Build.0 = Debug|Any CPU
		{90595461-4A24-4EB1-BA55-B541E7DC06EE}.Release|Any CPU.ActiveCfg = Release|Any CPU
		{90595461-4A24-4EB1-BA55-B541E7DC06EE}.Release|Any CPU.Build.0 = Release|Any CPU
	EndGlobalSection
	GlobalSection(SolutionProperties) = preSolution
		HideSolutionNode = FALSE
	EndGlobalSection
	GlobalSection(ExtensibilityGlobals) = postSolution
		SolutionGuid = {E9561F1F-BA45-43B1-BF1B-CF52AC91465E}
	EndGlobalSection
EndGlobal
