
Microsoft Visual Studio Solution File, Format Version 12.00
# Visual Studio Version 16
VisualStudioVersion = 16.0.30907.101
MinimumVisualStudioVersion = 10.0.40219.1
Project("{FAE04EC0-301F-11D3-BF4B-00C04F79EFBC}") = "ArmstrongNumber", "ArmstrongNumber\ArmstrongNumber.csproj", "{EE85AEA0-4020-4E77-8272-121EFAB5A602}"
EndProject
Global
	GlobalSection(SolutionConfigurationPlatforms) = preSolution
		Debug|Any CPU = Debug|Any CPU
		Release|Any CPU = Release|Any CPU
	EndGlobalSection
	GlobalSection(ProjectConfigurationPlatforms) = postSolution
		{EE85AEA0-4020-4E77-8272-121EFAB5A602}.Debug|Any CPU.ActiveCfg = Debug|Any CPU
		{EE85AEA0-4020-4E77-8272-121EFAB5A602}.Debug|Any CPU.Build.0 = Debug|Any CPU
		{EE85AEA0-4020-4E77-8272-121EFAB5A602}.Release|Any CPU.ActiveCfg = Release|Any CPU
		{EE85AEA0-4020-4E77-8272-121EFAB5A602}.Release|Any CPU.Build.0 = Release|Any CPU
	EndGlobalSection
	GlobalSection(SolutionProperties) = preSolution
		HideSolutionNode = FALSE
	EndGlobalSection
	GlobalSection(ExtensibilityGlobals) = postSolution
		SolutionGuid = {0A7CEA21-DE03-43DC-9448-BF326ABDF965}
	EndGlobalSection
EndGlobal
