
Microsoft Visual Studio Solution File, Format Version 12.00
# Visual Studio Version 16
VisualStudioVersion = 16.0.30907.101
MinimumVisualStudioVersion = 10.0.40219.1
Project("{FAE04EC0-301F-11D3-BF4B-00C04F79EFBC}") = "SwitchStatement", "SwitchStatement\SwitchStatement.csproj", "{F8EBB624-E06C-4213-B5E4-88C37D727ECC}"
EndProject
Global
	GlobalSection(SolutionConfigurationPlatforms) = preSolution
		Debug|Any CPU = Debug|Any CPU
		Release|Any CPU = Release|Any CPU
	EndGlobalSection
	GlobalSection(ProjectConfigurationPlatforms) = postSolution
		{F8EBB624-E06C-4213-B5E4-88C37D727ECC}.Debug|Any CPU.ActiveCfg = Debug|Any CPU
		{F8EBB624-E06C-4213-B5E4-88C37D727ECC}.Debug|Any CPU.Build.0 = Debug|Any CPU
		{F8EBB624-E06C-4213-B5E4-88C37D727ECC}.Release|Any CPU.ActiveCfg = Release|Any CPU
		{F8EBB624-E06C-4213-B5E4-88C37D727ECC}.Release|Any CPU.Build.0 = Release|Any CPU
	EndGlobalSection
	GlobalSection(SolutionProperties) = preSolution
		HideSolutionNode = FALSE
	EndGlobalSection
	GlobalSection(ExtensibilityGlobals) = postSolution
		SolutionGuid = {5909D7ED-CF4D-492E-B2BC-3813C75F62DF}
	EndGlobalSection
EndGlobal
