
Microsoft Visual Studio Solution File, Format Version 12.00
# Visual Studio Version 16
VisualStudioVersion = 16.0.30907.101
MinimumVisualStudioVersion = 10.0.40219.1
Project("{FAE04EC0-301F-11D3-BF4B-00C04F79EFBC}") = "CallByValue", "CallByValue\CallByValue.csproj", "{ED20676E-339A-4436-8523-FB96FD5E9FB9}"
EndProject
Global
	GlobalSection(SolutionConfigurationPlatforms) = preSolution
		Debug|Any CPU = Debug|Any CPU
		Release|Any CPU = Release|Any CPU
	EndGlobalSection
	GlobalSection(ProjectConfigurationPlatforms) = postSolution
		{ED20676E-339A-4436-8523-FB96FD5E9FB9}.Debug|Any CPU.ActiveCfg = Debug|Any CPU
		{ED20676E-339A-4436-8523-FB96FD5E9FB9}.Debug|Any CPU.Build.0 = Debug|Any CPU
		{ED20676E-339A-4436-8523-FB96FD5E9FB9}.Release|Any CPU.ActiveCfg = Release|Any CPU
		{ED20676E-339A-4436-8523-FB96FD5E9FB9}.Release|Any CPU.Build.0 = Release|Any CPU
	EndGlobalSection
	GlobalSection(SolutionProperties) = preSolution
		HideSolutionNode = FALSE
	EndGlobalSection
	GlobalSection(ExtensibilityGlobals) = postSolution
		SolutionGuid = {DB60B2F2-D771-4FBA-8A64-907946AF41DD}
	EndGlobalSection
EndGlobal
