
Microsoft Visual Studio Solution File, Format Version 12.00
# Visual Studio Version 16
VisualStudioVersion = 16.0.30907.101
MinimumVisualStudioVersion = 10.0.40219.1
Project("{FAE04EC0-301F-11D3-BF4B-00C04F79EFBC}") = "StarPattern5", "StarPattern5\StarPattern5.csproj", "{5FC774F5-BFA6-498A-831D-57C310C6F709}"
EndProject
Global
	GlobalSection(SolutionConfigurationPlatforms) = preSolution
		Debug|Any CPU = Debug|Any CPU
		Release|Any CPU = Release|Any CPU
	EndGlobalSection
	GlobalSection(ProjectConfigurationPlatforms) = postSolution
		{5FC774F5-BFA6-498A-831D-57C310C6F709}.Debug|Any CPU.ActiveCfg = Debug|Any CPU
		{5FC774F5-BFA6-498A-831D-57C310C6F709}.Debug|Any CPU.Build.0 = Debug|Any CPU
		{5FC774F5-BFA6-498A-831D-57C310C6F709}.Release|Any CPU.ActiveCfg = Release|Any CPU
		{5FC774F5-BFA6-498A-831D-57C310C6F709}.Release|Any CPU.Build.0 = Release|Any CPU
	EndGlobalSection
	GlobalSection(SolutionProperties) = preSolution
		HideSolutionNode = FALSE
	EndGlobalSection
	GlobalSection(ExtensibilityGlobals) = postSolution
		SolutionGuid = {61F96399-A175-4ACF-B78A-D7B4A9B5AD50}
	EndGlobalSection
EndGlobal
