
Microsoft Visual Studio Solution File, Format Version 12.00
# Visual Studio Version 16
VisualStudioVersion = 16.0.30907.101
MinimumVisualStudioVersion = 10.0.40219.1
Project("{FAE04EC0-301F-11D3-BF4B-00C04F79EFBC}") = "SingleLevelInheritance", "SingleLevelInheritance\SingleLevelInheritance.csproj", "{843EEA35-73B9-4CA6-99F0-2A1948FA902E}"
EndProject
Global
	GlobalSection(SolutionConfigurationPlatforms) = preSolution
		Debug|Any CPU = Debug|Any CPU
		Release|Any CPU = Release|Any CPU
	EndGlobalSection
	GlobalSection(ProjectConfigurationPlatforms) = postSolution
		{843EEA35-73B9-4CA6-99F0-2A1948FA902E}.Debug|Any CPU.ActiveCfg = Debug|Any CPU
		{843EEA35-73B9-4CA6-99F0-2A1948FA902E}.Debug|Any CPU.Build.0 = Debug|Any CPU
		{843EEA35-73B9-4CA6-99F0-2A1948FA902E}.Release|Any CPU.ActiveCfg = Release|Any CPU
		{843EEA35-73B9-4CA6-99F0-2A1948FA902E}.Release|Any CPU.Build.0 = Release|Any CPU
	EndGlobalSection
	GlobalSection(SolutionProperties) = preSolution
		HideSolutionNode = FALSE
	EndGlobalSection
	GlobalSection(ExtensibilityGlobals) = postSolution
		SolutionGuid = {1FF6735E-F920-4084-8321-3F13F27CF191}
	EndGlobalSection
EndGlobal
